# This file was autogenerated by Stack.
# You should not edit this file by hand.
# For more information, please see the documentation at:
#   https://docs.haskellstack.org/en/stable/lock_files

packages:
- completed:
    hackage: advent-of-code-api-0.2.8.1@sha256:00a7b1fe76bdbba0ad705d906402fbb35eb35ccb6f9a7adec488a65bb8147ad4,2352
    pantry-tree:
      size: 1185
      sha256: d0345ab16cc2ad3a9de3a9ff1a449cf03b63ac826a017ca02ee883a6525e75fd
  original:
    hackage: advent-of-code-api-0.2.8.1
- completed:
    hackage: dependent-sum-0.7.1.0@sha256:0e419237f5b86da3659772afff9cab355c0f8d5b3fdb15a5b30e673d8dc83941,2147
    pantry-tree:
      size: 290
      sha256: 009601e5d33e835c7a384e240c5c6ad12643bce9c54b2a0b07201daee3380e51
  original:
    hackage: dependent-sum-0.7.1.0
- completed:
    hackage: finitary-2.1.1.0@sha256:f0f19aace424e5fdb5543fbcfb9446e50c8cb349fe7564642c5c25dbe3418076,2743
    pantry-tree:
      size: 438
      sha256: 38e03206b355db7a6a2f3ad73039b18b15245141b6974080b7d9a99e82ddf76a
  original:
    hackage: finitary-2.1.1.0
- completed:
    hackage: grid-7.8.15@sha256:7fc4a51062c8915e3301774242fbb74bdafcb959e1da17015d5fb1658890eb63,2289
    pantry-tree:
      size: 1880
      sha256: a7003826456a83b2f312f1a81938d31a095218731a51afe828168dfb9ec08069
  original:
    hackage: grid-7.8.15
- completed:
    hackage: haskell-names-0.9.9@sha256:8cd295ff72cbc87b330e4b9955eae3095a701b3e8b9a633c04cf150977e90d70,12974
    pantry-tree:
      size: 25945
      sha256: c8ca8eafe4d3e6d9f9b6209d1790edd7cf79f84b71c68657e6f7713d630646f4
  original:
    hackage: haskell-names-0.9.9
- completed:
    hackage: monoidal-containers-0.6.0.1@sha256:f56ea8fe91ff93da140e38b8dab4b94437b901818c13ba72fc7fc802290323ee,2583
    pantry-tree:
      size: 569
      sha256: 3a43dbbb1839521aae37a2baa3fb3ad0cc61a0a8fc4e3aec1f7dda15b92a0279
  original:
    hackage: monoidal-containers-0.6.0.1
- completed:
    hackage: mutable-0.2.2.0@sha256:def2840c9d572a37bcf21440d2fc94d2b7f8aeb78c7166c0e0d4e7acb47c3ca2,2603
    pantry-tree:
      size: 786
      sha256: ae7019c25a140ab33e9e8f0dfdcb753c8ddafe7a5f3c6f5bb3231acffd24d3df
  original:
    hackage: mutable-0.2.2.0
- completed:
    hackage: newtype-0.2.2.0@sha256:44435da250d96ab3a5a861425739f6af523495d1a3943f783df4b053b8a4c108,1354
    pantry-tree:
      size: 260
      sha256: e53d22dd191bfef5d9b9a05a9cf48e96067c22521937468445c171f3800810b4
  original:
    hackage: newtype-0.2.2.0
- completed:
    hackage: nonempty-containers-0.3.4.4@sha256:a39a1373560ce7e8ed448712bf157d0be671045bdc18ed7c9edc4ea7df43dbf2,2705
    pantry-tree:
      size: 1480
      sha256: bf30d8ae66f36d109cad6853f2e91693ba6b38253010cb83d35fe87c118ad500
  original:
    hackage: nonempty-containers-0.3.4.4
- completed:
    hackage: one-liner-instances-0.1.3.0@sha256:eddc22122bbce5e4bf12f646187730f504b83741126154b12e9e8c0edeb78cbc,1438
    pantry-tree:
      size: 759
      sha256: af3468c83e7142e6f71260f39884ba0ed8c70e89a1aa5f3e986190717f806bb2
  original:
    hackage: one-liner-instances-0.1.3.0
- completed:
    hackage: strict-tuple-0.1.4@sha256:f127ab5b2a0ea0afb30032404fada74ed5bd40544e1c7a2d84e8c34bcef80725,1818
    pantry-tree:
      size: 1629
      sha256: ef6afc114bd74d3e8356a5e884238836a4c8f81ba8ce0bc9886dd33740a254e2
  original:
    hackage: strict-tuple-0.1.4
- completed:
    hackage: these-skinny-0.7.4@sha256:e29336a1a70a497e09d8266f8438efb30a807bafaa6b00f5a136f7493efb3160,1239
    pantry-tree:
      size: 262
      sha256: 77f01554e40d8e910d00f95c35dde86df4f691e2955d9afdc16508114c4d1af2
  original:
    hackage: these-skinny-0.7.4
- completed:
    hackage: traverse-with-class-1.0.1.1@sha256:7dce92582d86db01cfa6411414db8613f064cad04caee675673a21c55f65e2e9,2529
    pantry-tree:
      size: 760
      sha256: 66039f796a2026f2cf92f25de0d0732142bd4a4264deeac6afe3a18e2a74b08d
  original:
    hackage: traverse-with-class-1.0.1.1
- completed:
    hackage: typelits-witnesses-0.4.0.0@sha256:1d7092ba98fdc33f4b413e04144eb3ead7b105f74b2998e3c74a8a0feee685a9,1985
    pantry-tree:
      size: 403
      sha256: 2ee741f6bb4dba710e6449da335fdcf8940adb767798b29fdb8ae2606d22e0cb
  original:
    hackage: typelits-witnesses-0.4.0.0
- completed:
    size: 20170
    url: https://github.com/nikita-volkov/refined/archive/240dd2b6fb5787cb6a079f4ab42674cb1ea7fd3b.tar.gz
    name: refined
    version: 0.6.2
    sha256: f2bec2d8294736520c94bebfd935dd7d4f4a41b503cb12979ffe3d0e2b11c9eb
    pantry-tree:
      size: 831
      sha256: ff5a32d165fbae9332b02b905a8397a7342f81fe5ac9c438f92c6b8bd37cecdc
  original:
    url: https://github.com/nikita-volkov/refined/archive/240dd2b6fb5787cb6a079f4ab42674cb1ea7fd3b.tar.gz
snapshots:
- completed:
    size: 598989
    url: https://raw.githubusercontent.com/commercialhaskell/stackage-snapshots/master/nightly/2021/11/28.yaml
    sha256: a7be81bf4d78de268e05b805b34a6bf320dd7f19892139824196ef48c7eb4990
  original: nightly-2021-11-28
