# This file was autogenerated by Stack.
# You should not edit this file by hand.
# For more information, please see the documentation at:
#   https://docs.haskellstack.org/en/stable/lock_files

packages:
- completed:
    hackage: advent-of-code-api-0.2.1.0@sha256:b6faf929af0f2cbdccfe4f5bf8da62a23fffb2c380649259ecabf4b870c04a56,2286
    pantry-tree:
      size: 1124
      sha256: bed11884d641cc8af7d14d46b6d482935e6116c59dc30ed6ad733367a91d8cdc
  original:
    hackage: advent-of-code-api-0.2.1.0
snapshots:
- completed:
    size: 525876
    url: https://raw.githubusercontent.com/commercialhaskell/stackage-snapshots/master/lts/14/13.yaml
    sha256: 4a0e79eb194c937cc2a1852ff84d983c63ac348dc6bad5f38d20cab697036eef
  original: lts-14.13
